
Microsoft Visual Studio Solution File, Format Version 12.00
# Visual Studio 15
VisualStudioVersion = 15.0.28307.852
MinimumVisualStudioVersion = 10.0.40219.1
Project("{FAE04EC0-301F-11D3-BF4B-00C04F79EFBC}") = "CeremonyServer", "CeremonyServer\CeremonyServer.csproj", "{5A9AA2C8-B294-4339-8097-F3244F63FCE1}"
EndProject
Project("{FAE04EC0-301F-11D3-BF4B-00C04F79EFBC}") = "CeremonyClientFinal", "CeremonyClientFinal\CeremonyClientFinal.csproj", "{BB52EA76-892F-47CE-B5A0-D5FB44E0629F}"
EndProject
Global
	GlobalSection(SolutionConfigurationPlatforms) = preSolution
		Debug|Any CPU = Debug|Any CPU
		Release|Any CPU = Release|Any CPU
	EndGlobalSection
	GlobalSection(ProjectConfigurationPlatforms) = postSolution
		{5A9AA2C8-B294-4339-8097-F3244F63FCE1}.Debug|Any CPU.ActiveCfg = Debug|Any CPU
		{5A9AA2C8-B294-4339-8097-F3244F63FCE1}.Debug|Any CPU.Build.0 = Debug|Any CPU
		{5A9AA2C8-B294-4339-8097-F3244F63FCE1}.Release|Any CPU.ActiveCfg = Release|Any CPU
		{5A9AA2C8-B294-4339-8097-F3244F63FCE1}.Release|Any CPU.Build.0 = Release|Any CPU
		{BB52EA76-892F-47CE-B5A0-D5FB44E0629F}.Debug|Any CPU.ActiveCfg = Debug|Any CPU
		{BB52EA76-892F-47CE-B5A0-D5FB44E0629F}.Debug|Any CPU.Build.0 = Debug|Any CPU
		{BB52EA76-892F-47CE-B5A0-D5FB44E0629F}.Release|Any CPU.ActiveCfg = Release|Any CPU
		{BB52EA76-892F-47CE-B5A0-D5FB44E0629F}.Release|Any CPU.Build.0 = Release|Any CPU
	EndGlobalSection
	GlobalSection(SolutionProperties) = preSolution
		HideSolutionNode = FALSE
	EndGlobalSection
	GlobalSection(ExtensibilityGlobals) = postSolution
		SolutionGuid = {80AD4BE8-BA42-4424-96C2-31C95A1CA486}
	EndGlobalSection
EndGlobal
